
Microsoft Visual Studio Solution File, Format Version 12.00
# Visual Studio Version 17
VisualStudioVersion = 17.8.34511.84
MinimumVisualStudioVersion = 10.0.40219.1
Project("{2150E333-8FDC-42A3-9474-1A3956D46DE8}") = "Frontend", "Frontend", "{53F66632-9BC4-4D09-8138-9EA56958D49F}"
EndProject
Project("{2150E333-8FDC-42A3-9474-1A3956D46DE8}") = "Gateway", "Gateway", "{A628D7BC-B946-40D2-ABFA-23025462077D}"
EndProject
Project("{2150E333-8FDC-42A3-9474-1A3956D46DE8}") = "Integration", "Integration", "{D09BBEAA-EE5F-4174-BB80-391320F6DFBF}"
EndProject
Project("{2150E333-8FDC-42A3-9474-1A3956D46DE8}") = "Services", "Services", "{9E35F00B-7CC6-4128-B42A-3B313AC41B54}"
EndProject
Project("{9A19103F-16F7-4668-BE54-9A1E7A4F7556}") = "Mango.Services.CouponAPI", "Mango.Services.CouponAPI\Mango.Services.CouponAPI.csproj", "{F0BA1B3F-115F-48F4-98FA-499ED36AA7A9}"
EndProject
Project("{9A19103F-16F7-4668-BE54-9A1E7A4F7556}") = "Mango.Web", "Mango.Web\Mango.Web.csproj", "{99B4D912-5601-4A47-8AD4-4A47A4370966}"
EndProject
Project("{9A19103F-16F7-4668-BE54-9A1E7A4F7556}") = "Mango.Services.AuthAPI", "Mango.Services.AuthAPI\Mango.Services.AuthAPI.csproj", "{A83D0D7F-E779-4011-9D6D-7C1370A4F108}"
EndProject
Project("{9A19103F-16F7-4668-BE54-9A1E7A4F7556}") = "Mango.Services.ProductAPI", "Mango.Services.ProductAPI\Mango.Services.ProductAPI.csproj", "{74F662A3-7BD6-44F0-BDC1-B7D1AB4BCD9C}"
EndProject
Project("{9A19103F-16F7-4668-BE54-9A1E7A4F7556}") = "Mango.Services.ShoppingCartAPI", "Mango.Services.ShoppingCartAPI\Mango.Services.ShoppingCartAPI.csproj", "{F226FBFE-6327-45E2-9488-7ED6C771DB97}"
EndProject
Project("{FAE04EC0-301F-11D3-BF4B-00C04F79EFBC}") = "Mango.MessageBus", "Mango.MessageBus\Mango.MessageBus.csproj", "{4127212B-D0A0-4E61-949B-161425157BEC}"
EndProject
Project("{FAE04EC0-301F-11D3-BF4B-00C04F79EFBC}") = "Mango.Services.EmailConsumer", "Mango.Services.EmailConsumer\Mango.Services.EmailConsumer.csproj", "{907F64E1-8B0D-438A-846D-10B8DEC7727E}"
EndProject
Global
	GlobalSection(SolutionConfigurationPlatforms) = preSolution
		Debug|Any CPU = Debug|Any CPU
		Release|Any CPU = Release|Any CPU
	EndGlobalSection
	GlobalSection(ProjectConfigurationPlatforms) = postSolution
		{F0BA1B3F-115F-48F4-98FA-499ED36AA7A9}.Debug|Any CPU.ActiveCfg = Debug|Any CPU
		{F0BA1B3F-115F-48F4-98FA-499ED36AA7A9}.Debug|Any CPU.Build.0 = Debug|Any CPU
		{F0BA1B3F-115F-48F4-98FA-499ED36AA7A9}.Release|Any CPU.ActiveCfg = Release|Any CPU
		{F0BA1B3F-115F-48F4-98FA-499ED36AA7A9}.Release|Any CPU.Build.0 = Release|Any CPU
		{99B4D912-5601-4A47-8AD4-4A47A4370966}.Debug|Any CPU.ActiveCfg = Debug|Any CPU
		{99B4D912-5601-4A47-8AD4-4A47A4370966}.Debug|Any CPU.Build.0 = Debug|Any CPU
		{99B4D912-5601-4A47-8AD4-4A47A4370966}.Release|Any CPU.ActiveCfg = Release|Any CPU
		{99B4D912-5601-4A47-8AD4-4A47A4370966}.Release|Any CPU.Build.0 = Release|Any CPU
		{A83D0D7F-E779-4011-9D6D-7C1370A4F108}.Debug|Any CPU.ActiveCfg = Debug|Any CPU
		{A83D0D7F-E779-4011-9D6D-7C1370A4F108}.Debug|Any CPU.Build.0 = Debug|Any CPU
		{A83D0D7F-E779-4011-9D6D-7C1370A4F108}.Release|Any CPU.ActiveCfg = Release|Any CPU
		{A83D0D7F-E779-4011-9D6D-7C1370A4F108}.Release|Any CPU.Build.0 = Release|Any CPU
		{74F662A3-7BD6-44F0-BDC1-B7D1AB4BCD9C}.Debug|Any CPU.ActiveCfg = Debug|Any CPU
		{74F662A3-7BD6-44F0-BDC1-B7D1AB4BCD9C}.Debug|Any CPU.Build.0 = Debug|Any CPU
		{74F662A3-7BD6-44F0-BDC1-B7D1AB4BCD9C}.Release|Any CPU.ActiveCfg = Release|Any CPU
		{74F662A3-7BD6-44F0-BDC1-B7D1AB4BCD9C}.Release|Any CPU.Build.0 = Release|Any CPU
		{F226FBFE-6327-45E2-9488-7ED6C771DB97}.Debug|Any CPU.ActiveCfg = Debug|Any CPU
		{F226FBFE-6327-45E2-9488-7ED6C771DB97}.Debug|Any CPU.Build.0 = Debug|Any CPU
		{F226FBFE-6327-45E2-9488-7ED6C771DB97}.Release|Any CPU.ActiveCfg = Release|Any CPU
		{F226FBFE-6327-45E2-9488-7ED6C771DB97}.Release|Any CPU.Build.0 = Release|Any CPU
		{4127212B-D0A0-4E61-949B-161425157BEC}.Debug|Any CPU.ActiveCfg = Debug|Any CPU
		{4127212B-D0A0-4E61-949B-161425157BEC}.Debug|Any CPU.Build.0 = Debug|Any CPU
		{4127212B-D0A0-4E61-949B-161425157BEC}.Release|Any CPU.ActiveCfg = Release|Any CPU
		{4127212B-D0A0-4E61-949B-161425157BEC}.Release|Any CPU.Build.0 = Release|Any CPU
		{907F64E1-8B0D-438A-846D-10B8DEC7727E}.Debug|Any CPU.ActiveCfg = Debug|Any CPU
		{907F64E1-8B0D-438A-846D-10B8DEC7727E}.Debug|Any CPU.Build.0 = Debug|Any CPU
		{907F64E1-8B0D-438A-846D-10B8DEC7727E}.Release|Any CPU.ActiveCfg = Release|Any CPU
		{907F64E1-8B0D-438A-846D-10B8DEC7727E}.Release|Any CPU.Build.0 = Release|Any CPU
	EndGlobalSection
	GlobalSection(SolutionProperties) = preSolution
		HideSolutionNode = FALSE
	EndGlobalSection
	GlobalSection(NestedProjects) = preSolution
		{F0BA1B3F-115F-48F4-98FA-499ED36AA7A9} = {9E35F00B-7CC6-4128-B42A-3B313AC41B54}
		{99B4D912-5601-4A47-8AD4-4A47A4370966} = {53F66632-9BC4-4D09-8138-9EA56958D49F}
		{A83D0D7F-E779-4011-9D6D-7C1370A4F108} = {9E35F00B-7CC6-4128-B42A-3B313AC41B54}
		{74F662A3-7BD6-44F0-BDC1-B7D1AB4BCD9C} = {9E35F00B-7CC6-4128-B42A-3B313AC41B54}
		{F226FBFE-6327-45E2-9488-7ED6C771DB97} = {9E35F00B-7CC6-4128-B42A-3B313AC41B54}
		{4127212B-D0A0-4E61-949B-161425157BEC} = {D09BBEAA-EE5F-4174-BB80-391320F6DFBF}
		{907F64E1-8B0D-438A-846D-10B8DEC7727E} = {9E35F00B-7CC6-4128-B42A-3B313AC41B54}
	EndGlobalSection
	GlobalSection(ExtensibilityGlobals) = postSolution
		SolutionGuid = {1296E3EE-9E89-4BC8-BFB8-64A229051C53}
	EndGlobalSection
EndGlobal
